PODS:
  - Base64 (1.1.2)
  - BBBadgeBarButtonItem (1.2)
  - Crashlytics (3.8.4):
    - Fabric (~> 1.6.3)
  - Fabric (1.6.11)
  - Firebase/Core (3.17.0):
    - FirebaseAnalytics (= 3.9.0)
    - FirebaseCore (= 3.6.0)
  - FirebaseAnalytics (3.9.0):
    - FirebaseCore (~> 3.6)
    - FirebaseInstanceID (~> 1.0)
    - GoogleToolboxForMac/NSData+zlib (~> 2.1)
  - FirebaseCore (3.6.0):
    - GoogleToolboxForMac/NSData+zlib (~> 2.1)
  - FirebaseInstanceID (1.0.10):
    - FirebaseCore (~> 3.6)
  - GoogleToolboxForMac/Defines (2.1.1)
  - GoogleToolboxForMac/NSData+zlib (2.1.1):
    - GoogleToolboxForMac/Defines (= 2.1.1)
  - Helpshift (5.10.1)
  - MWFeedParser (1.0.1):
    - MWFeedParser/FeedParser (= 1.0.1)
    - MWFeedParser/NSDate+InternetDateTime (= 1.0.1)
    - MWFeedParser/NSString+HTML (= 1.0.1)
  - MWFeedParser/FeedParser (1.0.1):
    - MWFeedParser/NSDate+InternetDateTime
    - MWFeedParser/NSString+HTML
  - MWFeedParser/NSDate+InternetDateTime (1.0.1)
  - MWFeedParser/NSString+HTML (1.0.1)
  - NSData+Base64 (1.0.0)
  - OAuthCore (0.0.1):
    - NSData+Base64
  - Repro (2.2.17)
  - TwitterCore (2.8.0):
    - Fabric
  - TwitterKit (2.8.1):
    - TwitterCore (>= 2.8)
  - TWSReleaseNotesView (1.2.2)

DEPENDENCIES:
  - Base64
  - BBBadgeBarButtonItem (from `https://github.com/maxykato/BBBadgeBarButtonItem.git`)
  - Crashlytics
  - Fabric
  - Firebase/Core
  - Helpshift
  - MWFeedParser
  - OAuthCore
  - Repro
  - TwitterCore
  - TwitterKit
  - TWSReleaseNotesView (from `https://github.com/tako3/TWSReleaseNotesView.git`)

EXTERNAL SOURCES:
  BBBadgeBarButtonItem:
    :git: https://github.com/maxykato/BBBadgeBarButtonItem.git
  TWSReleaseNotesView:
    :git: https://github.com/tako3/TWSReleaseNotesView.git

CHECKOUT OPTIONS:
  BBBadgeBarButtonItem:
    :commit: d393e97c77f09bbaef9216a657beb321b41069a7
    :git: https://github.com/maxykato/BBBadgeBarButtonItem.git
  TWSReleaseNotesView:
    :commit: 0b71c702e08901f57e884559e903e08b8eaf0455
    :git: https://github.com/tako3/TWSReleaseNotesView.git

SPEC CHECKSUMS:
  Base64: cecfb41a004124895a7bcee567a89bae5a89d49b
  BBBadgeBarButtonItem: c2fbca0bff18e21b70defc9438a8a5048008e7ca
  Crashlytics: 79e236942ca1e7fc641df1feb9a275360a78ab6a
  Fabric: 5911403591946b8228ab1c51d98f1d7137e863c6
  Firebase: 4b66b5b59c43edac745b87f0c87e42cdd0279c13
  FirebaseAnalytics: e5fe8486efc01bec33f6bf82e2fa9fce4b124052
  FirebaseCore: 9691ee2ade70c098d7cf92440f4303f16d83ca75
  FirebaseInstanceID: b9eedd6846fb5e1f0f7279e1deaa7a7e4cf8392e
  GoogleToolboxForMac: 8e329f1b599f2512c6b10676d45736bcc2cbbeb0
  Helpshift: 437e7fbc39cfa4424eb06d82d0b93d176a245586
  MWFeedParser: 2cf646014c1baf6ad1b08c480b40a08180079247
  NSData+Base64: 4e84902c4db907a15673474677e57763ef3903e4
  OAuthCore: 43dce261db846a1fe20234d95654257e00e78581
  Repro: fae3895d081469d0b27f945506997b48c28e3bc3
  TwitterCore: e959987be23c767004d29eb7fab8d85d8585a2e5
  TwitterKit: 3b6044a7320340326a4098f3e37aa1dbaeb94942
  TWSReleaseNotesView: 456cb977579ca746ff03d87f0e77b9ab41c6c912

PODFILE CHECKSUM: 51f8eff56932ff7410732a55ef0afed8c5100a81

COCOAPODS: 1.1.1
